// !$*UTF8*$!
{
	archiveVersion = 1;
	classes = {
	};
	objectVersion = 50;
	objects = {

/* Begin PBXBuildFile section */
		43283F8425BB0DDB002DDD08 /* CouponsApp.swift in Sources */ = {isa = PBXBuildFile; fileRef = 43283F8325BB0DDB002DDD08 /* CouponsApp.swift */; };
		43283F8625BB0DDB002DDD08 /* ContentView.swift in Sources */ = {isa = PBXBuildFile; fileRef = 43283F8525BB0DDB002DDD08 /* ContentView.swift */; };
		43283F8825BB0DDC002DDD08 /* Assets.xcassets in Resources */ = {isa = PBXBuildFile; fileRef = 43283F8725BB0DDC002DDD08 /* Assets.xcassets */; };
		43283F8B25BB0DDC002DDD08 /* Preview Assets.xcassets in Resources */ = {isa = PBXBuildFile; fileRef = 43283F8A25BB0DDC002DDD08 /* Preview Assets.xcassets */; };
		43283F9525BB0E16002DDD08 /* AppDelegate.swift in Sources */ = {isa = PBXBuildFile; fileRef = 43283F9425BB0E16002DDD08 /* AppDelegate.swift */; };
		43283F9825BB0E4C002DDD08 /* OrderCouopon.swift in Sources */ = {isa = PBXBuildFile; fileRef = 43283F9725BB0E4C002DDD08 /* OrderCouopon.swift */; };
		43283F9B25BB0E57002DDD08 /* AppView.swift in Sources */ = {isa = PBXBuildFile; fileRef = 43283F9A25BB0E57002DDD08 /* AppView.swift */; };
		43283F9E25BB0E60002DDD08 /* AdminObservableObject.swift in Sources */ = {isa = PBXBuildFile; fileRef = 43283F9D25BB0E60002DDD08 /* AdminObservableObject.swift */; };
		43283FA425BB0E89002DDD08 /* CompaniesListView.swift in Sources */ = {isa = PBXBuildFile; fileRef = 43283FA225BB0E89002DDD08 /* CompaniesListView.swift */; };
		43283FA525BB0E89002DDD08 /* CustomersListView.swift in Sources */ = {isa = PBXBuildFile; fileRef = 43283FA325BB0E89002DDD08 /* CustomersListView.swift */; };
		43283FAB25BB0E97002DDD08 /* CouponDetail.swift in Sources */ = {isa = PBXBuildFile; fileRef = 43283FA725BB0E97002DDD08 /* CouponDetail.swift */; };
		43283FAC25BB0E97002DDD08 /* CouponsListView.swift in Sources */ = {isa = PBXBuildFile; fileRef = 43283FA825BB0E97002DDD08 /* CouponsListView.swift */; };
		43283FAE25BB0E97002DDD08 /* CouponItemView.swift in Sources */ = {isa = PBXBuildFile; fileRef = 43283FAA25BB0E97002DDD08 /* CouponItemView.swift */; };
		43283FB325BB0EC8002DDD08 /* CheckoutView.swift in Sources */ = {isa = PBXBuildFile; fileRef = 43283FB125BB0EC8002DDD08 /* CheckoutView.swift */; };
		43283FB425BB0EC8002DDD08 /* OrderView.swift in Sources */ = {isa = PBXBuildFile; fileRef = 43283FB225BB0EC8002DDD08 /* OrderView.swift */; };
		43283FB825BB0EE7002DDD08 /* MockData.swift in Sources */ = {isa = PBXBuildFile; fileRef = 43283FB725BB0EE7002DDD08 /* MockData.swift */; };
		43283FC025BB0EF8002DDD08 /* Customer.swift in Sources */ = {isa = PBXBuildFile; fileRef = 43283FBB25BB0EF8002DDD08 /* Customer.swift */; };
		43283FC125BB0EF8002DDD08 /* Category.swift in Sources */ = {isa = PBXBuildFile; fileRef = 43283FBC25BB0EF8002DDD08 /* Category.swift */; };
		43283FC225BB0EF8002DDD08 /* Company.swift in Sources */ = {isa = PBXBuildFile; fileRef = 43283FBD25BB0EF8002DDD08 /* Company.swift */; };
		43283FC325BB0EF8002DDD08 /* Coupon.swift in Sources */ = {isa = PBXBuildFile; fileRef = 43283FBE25BB0EF8002DDD08 /* Coupon.swift */; };
		43283FC425BB0EF8002DDD08 /* CouponsByCategory.swift in Sources */ = {isa = PBXBuildFile; fileRef = 43283FBF25BB0EF8002DDD08 /* CouponsByCategory.swift */; };
		435B200B25C2B0AA00539A40 /* HomeView.swift in Sources */ = {isa = PBXBuildFile; fileRef = 435B200A25C2B0AA00539A40 /* HomeView.swift */; };
		435B201725C2C31B00539A40 /* Repository.swift in Sources */ = {isa = PBXBuildFile; fileRef = 435B201625C2C31B00539A40 /* Repository.swift */; };
		435B201C25C2D55800539A40 /* ClientService.swift in Sources */ = {isa = PBXBuildFile; fileRef = 435B201B25C2D55800539A40 /* ClientService.swift */; };
		435B206425C2DDC500539A40 /* CouponsTests.swift in Sources */ = {isa = PBXBuildFile; fileRef = 435B206325C2DDC500539A40 /* CouponsTests.swift */; };
		435B206E25C2DDEE00539A40 /* AdminServicesTests.swift in Sources */ = {isa = PBXBuildFile; fileRef = 435B206D25C2DDEE00539A40 /* AdminServicesTests.swift */; };
		435B207525C2DF5500539A40 /* CustomerServiceTests.swift in Sources */ = {isa = PBXBuildFile; fileRef = 435B207425C2DF5500539A40 /* CustomerServiceTests.swift */; };
		435B207B25C2DF6500539A40 /* CompanyServiceTests.swift in Sources */ = {isa = PBXBuildFile; fileRef = 435B207A25C2DF6500539A40 /* CompanyServiceTests.swift */; };
		435B20BA25C5B87800539A40 /* CustomerHomeView.swift in Sources */ = {isa = PBXBuildFile; fileRef = 435B20B925C5B87800539A40 /* CustomerHomeView.swift */; };
		435B20BE25C5B8B200539A40 /* AdminHomeView.swift in Sources */ = {isa = PBXBuildFile; fileRef = 435B20BD25C5B8B200539A40 /* AdminHomeView.swift */; };
		435B20C225C5B8D700539A40 /* ComapnyHameView.swift in Sources */ = {isa = PBXBuildFile; fileRef = 435B20C125C5B8D700539A40 /* ComapnyHameView.swift */; };
		4388CCDE25DADD7400C24539 /* LoginViewModel.swift in Sources */ = {isa = PBXBuildFile; fileRef = 4388CCDD25DADD7400C24539 /* LoginViewModel.swift */; };
		4388CCE225DB996100C24539 /* HomeViewModel.swift in Sources */ = {isa = PBXBuildFile; fileRef = 4388CCE125DB996100C24539 /* HomeViewModel.swift */; };
		438D050725CAC0270073CDE1 /* JSONDecoder+Extension.swift in Sources */ = {isa = PBXBuildFile; fileRef = 438D050625CAC0270073CDE1 /* JSONDecoder+Extension.swift */; };
		438D050C25CAC2180073CDE1 /* ResponseHandler.swift in Sources */ = {isa = PBXBuildFile; fileRef = 438D050B25CAC2180073CDE1 /* ResponseHandler.swift */; };
		438D051425CAD9440073CDE1 /* Date+Extension.swift in Sources */ = {isa = PBXBuildFile; fileRef = 438D051325CAD9440073CDE1 /* Date+Extension.swift */; };
		438D051825CB3CEE0073CDE1 /* JSONEncoder+Extension.swift in Sources */ = {isa = PBXBuildFile; fileRef = 438D051725CB3CEE0073CDE1 /* JSONEncoder+Extension.swift */; };
		438D052625CBCDB00073CDE1 /* String+Extension.swift in Sources */ = {isa = PBXBuildFile; fileRef = 438D052525CBCDB00073CDE1 /* String+Extension.swift */; };
		438D055425CD95F00073CDE1 /* APIResponseItem.swift in Sources */ = {isa = PBXBuildFile; fileRef = 438D055325CD95F00073CDE1 /* APIResponseItem.swift */; };
		438D055925CD9BCD0073CDE1 /* AddButon.swift in Sources */ = {isa = PBXBuildFile; fileRef = 438D055825CD9BCD0073CDE1 /* AddButon.swift */; };
		438D055D25CD9E000073CDE1 /* BaseAddItemView.swift in Sources */ = {isa = PBXBuildFile; fileRef = 438D055C25CD9E000073CDE1 /* BaseAddItemView.swift */; };
		438D056325CEE9EF0073CDE1 /* APIResponseHandler.swift in Sources */ = {isa = PBXBuildFile; fileRef = 438D056225CEE9EF0073CDE1 /* APIResponseHandler.swift */; };
		438D056725CEEAEC0073CDE1 /* APIResponseError.swift in Sources */ = {isa = PBXBuildFile; fileRef = 438D056625CEEAEC0073CDE1 /* APIResponseError.swift */; };
		43A2E7B425BE89A200B531DF /* NetworkResponseHandler.swift in Sources */ = {isa = PBXBuildFile; fileRef = 43A2E7B325BE89A200B531DF /* NetworkResponseHandler.swift */; };
		43A2E7BD25BE8CBB00B531DF /* EndPoint.swift in Sources */ = {isa = PBXBuildFile; fileRef = 43A2E7BC25BE8CBB00B531DF /* EndPoint.swift */; };
		43A2E7C225BE8DD500B531DF /* ParameterEncoder.swift in Sources */ = {isa = PBXBuildFile; fileRef = 43A2E7C125BE8DD500B531DF /* ParameterEncoder.swift */; };
		43A2E7C525BE8E7B00B531DF /* NetworkError.swift in Sources */ = {isa = PBXBuildFile; fileRef = 43A2E7C425BE8E7B00B531DF /* NetworkError.swift */; };
		43A2E7C925BE8F1D00B531DF /* URLParameterEncoder.swift in Sources */ = {isa = PBXBuildFile; fileRef = 43A2E7C825BE8F1D00B531DF /* URLParameterEncoder.swift */; };
		43A2E7CD25BE91B200B531DF /* JSONParameterEncoder.swift in Sources */ = {isa = PBXBuildFile; fileRef = 43A2E7CC25BE91B200B531DF /* JSONParameterEncoder.swift */; };
		43A2E7D225BE92E500B531DF /* NetworkRouter.swift in Sources */ = {isa = PBXBuildFile; fileRef = 43A2E7D125BE92E500B531DF /* NetworkRouter.swift */; };
		43A2E7D625BE941F00B531DF /* Router.swift in Sources */ = {isa = PBXBuildFile; fileRef = 43A2E7D525BE941F00B531DF /* Router.swift */; };
		43A2E7E225BEA1B500B531DF /* AdminEndPoint.swift in Sources */ = {isa = PBXBuildFile; fileRef = 43A2E7E125BEA1B500B531DF /* AdminEndPoint.swift */; };
		43A2E7E725BEAB5000B531DF /* CustomerServise.swift in Sources */ = {isa = PBXBuildFile; fileRef = 43A2E7E625BEAB5000B531DF /* CustomerServise.swift */; };
		43A2E7ED25BEAD9900B531DF /* AdminService.swift in Sources */ = {isa = PBXBuildFile; fileRef = 43A2E7EC25BEAD9900B531DF /* AdminService.swift */; };
		43A2E7F125BEAF6200B531DF /* CompanyService.swift in Sources */ = {isa = PBXBuildFile; fileRef = 43A2E7F025BEAF6200B531DF /* CompanyService.swift */; };
		43A2E7F425BEB5FA00B531DF /* AdminServiceImp.swift in Sources */ = {isa = PBXBuildFile; fileRef = 43A2E7F325BEB5FA00B531DF /* AdminServiceImp.swift */; };
		43A2E7FC25BEC47600B531DF /* AdminClient.swift in Sources */ = {isa = PBXBuildFile; fileRef = 43A2E7FB25BEC47600B531DF /* AdminClient.swift */; };
		43A2E80A25BEC71700B531DF /* CustomerEndPoint.swift in Sources */ = {isa = PBXBuildFile; fileRef = 43A2E80925BEC71700B531DF /* CustomerEndPoint.swift */; };
		43A2E81325BED0C800B531DF /* CustomerClient.swift in Sources */ = {isa = PBXBuildFile; fileRef = 43A2E81225BED0C800B531DF /* CustomerClient.swift */; };
		43A2E81625BED0D200B531DF /* CompanyClient.swift in Sources */ = {isa = PBXBuildFile; fileRef = 43A2E81525BED0D200B531DF /* CompanyClient.swift */; };
		43A2E81C25BEEB3C00B531DF /* CustomerServiceImp.swift in Sources */ = {isa = PBXBuildFile; fileRef = 43A2E81B25BEEB3C00B531DF /* CustomerServiceImp.swift */; };
		43A2E81F25BEEBE300B531DF /* CompanyEndPoint.swift in Sources */ = {isa = PBXBuildFile; fileRef = 43A2E81E25BEEBE300B531DF /* CompanyEndPoint.swift */; };
		43A2E82225BEF02D00B531DF /* CompanyServiceImp.swift in Sources */ = {isa = PBXBuildFile; fileRef = 43A2E82125BEF02D00B531DF /* CompanyServiceImp.swift */; };
		43A2E83925C2847100B531DF /* LoginView.swift in Sources */ = {isa = PBXBuildFile; fileRef = 43A2E83825C2847100B531DF /* LoginView.swift */; };
		43B0A6AB25BC7A7700C3AC08 /* CustomerDetailsView.swift in Sources */ = {isa = PBXBuildFile; fileRef = 43B0A6AA25BC7A7700C3AC08 /* CustomerDetailsView.swift */; };
		43B0A6AF25BC7A9200C3AC08 /* CompanyDetailsView.swift in Sources */ = {isa = PBXBuildFile; fileRef = 43B0A6AE25BC7A9200C3AC08 /* CompanyDetailsView.swift */; };
		43B0A6B225BC7B8100C3AC08 /* CompanyItemView.swift in Sources */ = {isa = PBXBuildFile; fileRef = 43B0A6B125BC7B8100C3AC08 /* CompanyItemView.swift */; };
		43E6166125C7C88D004A839D /* ErrorFetchDataAlertView.swift in Sources */ = {isa = PBXBuildFile; fileRef = 43E6166025C7C88D004A839D /* ErrorFetchDataAlertView.swift */; };
		43E6166525C7CC34004A839D /* CompanyHomeViewModel.swift in Sources */ = {isa = PBXBuildFile; fileRef = 43E6166425C7CC34004A839D /* CompanyHomeViewModel.swift */; };
		43E6166E25C7E4F4004A839D /* FormatCouponsTest.swift in Sources */ = {isa = PBXBuildFile; fileRef = 43E6166D25C7E4F4004A839D /* FormatCouponsTest.swift */; };
		43E6167525C7FC0A004A839D /* CustomerHomeViewModel.swift in Sources */ = {isa = PBXBuildFile; fileRef = 43E6167425C7FC0A004A839D /* CustomerHomeViewModel.swift */; };
		43E6167C25C7FCF8004A839D /* Utils.swift in Sources */ = {isa = PBXBuildFile; fileRef = 43E6167B25C7FCF8004A839D /* Utils.swift */; };
		43E6169925C82B3A004A839D /* CustomerItemView.swift in Sources */ = {isa = PBXBuildFile; fileRef = 43E6169825C82B3A004A839D /* CustomerItemView.swift */; };
		43E616B125C830FE004A839D /* AdminHomeViewModel.swift in Sources */ = {isa = PBXBuildFile; fileRef = 43E616B025C830FE004A839D /* AdminHomeViewModel.swift */; };
		43E616C725C8611C004A839D /* AddCouponView.swift in Sources */ = {isa = PBXBuildFile; fileRef = 43E616C625C8611C004A839D /* AddCouponView.swift */; };
		43E616CD25C8625F004A839D /* AddCouponViewModel.swift in Sources */ = {isa = PBXBuildFile; fileRef = 43E616CC25C8625F004A839D /* AddCouponViewModel.swift */; };
		A8D48A46A873ADC19B9EBF90 /* Pods_Coupons.framework in Frameworks */ = {isa = PBXBuildFile; fileRef = A56FFD26CB4667BBD7B6961A /* Pods_Coupons.framework */; };
		AD789987FF65E36FA68088DD /* Pods_CouponsTests.framework in Frameworks */ = {isa = PBXBuildFile; fileRef = 8852FF333640054116DD06C1 /* Pods_CouponsTests.framework */; };
/* End PBXBuildFile section */

/* Begin PBXContainerItemProxy section */
		435B206625C2DDC500539A40 /* PBXContainerItemProxy */ = {
			isa = PBXContainerItemProxy;
			containerPortal = 43283F7825BB0DDB002DDD08 /* Project object */;
			proxyType = 1;
			remoteGlobalIDString = 43283F7F25BB0DDB002DDD08;
			remoteInfo = Coupons;
		};
/* End PBXContainerItemProxy section */

/* Begin PBXFileReference section */
		133D7CEAC0EDCAA57C816D11 /* Pods-Coupons.release.xcconfig */ = {isa = PBXFileReference; includeInIndex = 1; lastKnownFileType = text.xcconfig; name = "Pods-Coupons.release.xcconfig"; path = "Target Support Files/Pods-Coupons/Pods-Coupons.release.xcconfig"; sourceTree = "<group>"; };
		163B9DA7DCD4910A2067340E /* Pods-CouponsTests.release.xcconfig */ = {isa = PBXFileReference; includeInIndex = 1; lastKnownFileType = text.xcconfig; name = "Pods-CouponsTests.release.xcconfig"; path = "Target Support Files/Pods-CouponsTests/Pods-CouponsTests.release.xcconfig"; sourceTree = "<group>"; };
		43283F8025BB0DDB002DDD08 /* Coupons.app */ = {isa = PBXFileReference; explicitFileType = wrapper.application; includeInIndex = 0; path = Coupons.app; sourceTree = BUILT_PRODUCTS_DIR; };
		43283F8325BB0DDB002DDD08 /* CouponsApp.swift */ = {isa = PBXFileReference; lastKnownFileType = sourcecode.swift; path = CouponsApp.swift; sourceTree = "<group>"; };
		43283F8525BB0DDB002DDD08 /* ContentView.swift */ = {isa = PBXFileReference; lastKnownFileType = sourcecode.swift; path = ContentView.swift; sourceTree = "<group>"; };
		43283F8725BB0DDC002DDD08 /* Assets.xcassets */ = {isa = PBXFileReference; lastKnownFileType = folder.assetcatalog; path = Assets.xcassets; sourceTree = "<group>"; };
		43283F8A25BB0DDC002DDD08 /* Preview Assets.xcassets */ = {isa = PBXFileReference; lastKnownFileType = folder.assetcatalog; path = "Preview Assets.xcassets"; sourceTree = "<group>"; };
		43283F8C25BB0DDC002DDD08 /* Info.plist */ = {isa = PBXFileReference; lastKnownFileType = text.plist.xml; path = Info.plist; sourceTree = "<group>"; };
		43283F9425BB0E16002DDD08 /* AppDelegate.swift */ = {isa = PBXFileReference; fileEncoding = 4; lastKnownFileType = sourcecode.swift; path = AppDelegate.swift; sourceTree = "<group>"; };
		43283F9725BB0E4C002DDD08 /* OrderCouopon.swift */ = {isa = PBXFileReference; fileEncoding = 4; lastKnownFileType = sourcecode.swift; path = OrderCouopon.swift; sourceTree = "<group>"; };
		43283F9A25BB0E57002DDD08 /* AppView.swift */ = {isa = PBXFileReference; fileEncoding = 4; lastKnownFileType = sourcecode.swift; path = AppView.swift; sourceTree = "<group>"; };
		43283F9D25BB0E60002DDD08 /* AdminObservableObject.swift */ = {isa = PBXFileReference; fileEncoding = 4; lastKnownFileType = sourcecode.swift; path = AdminObservableObject.swift; sourceTree = "<group>"; };
		43283FA225BB0E89002DDD08 /* CompaniesListView.swift */ = {isa = PBXFileReference; fileEncoding = 4; lastKnownFileType = sourcecode.swift; path = CompaniesListView.swift; sourceTree = "<group>"; };
		43283FA325BB0E89002DDD08 /* CustomersListView.swift */ = {isa = PBXFileReference; fileEncoding = 4; lastKnownFileType = sourcecode.swift; path = CustomersListView.swift; sourceTree = "<group>"; };
		43283FA725BB0E97002DDD08 /* CouponDetail.swift */ = {isa = PBXFileReference; fileEncoding = 4; lastKnownFileType = sourcecode.swift; path = CouponDetail.swift; sourceTree = "<group>"; };
		43283FA825BB0E97002DDD08 /* CouponsListView.swift */ = {isa = PBXFileReference; fileEncoding = 4; lastKnownFileType = sourcecode.swift; path = CouponsListView.swift; sourceTree = "<group>"; };
		43283FAA25BB0E97002DDD08 /* CouponItemView.swift */ = {isa = PBXFileReference; fileEncoding = 4; lastKnownFileType = sourcecode.swift; path = CouponItemView.swift; sourceTree = "<group>"; };
		43283FB125BB0EC8002DDD08 /* CheckoutView.swift */ = {isa = PBXFileReference; fileEncoding = 4; lastKnownFileType = sourcecode.swift; path = CheckoutView.swift; sourceTree = "<group>"; };
		43283FB225BB0EC8002DDD08 /* OrderView.swift */ = {isa = PBXFileReference; fileEncoding = 4; lastKnownFileType = sourcecode.swift; path = OrderView.swift; sourceTree = "<group>"; };
		43283FB725BB0EE7002DDD08 /* MockData.swift */ = {isa = PBXFileReference; fileEncoding = 4; lastKnownFileType = sourcecode.swift; path = MockData.swift; sourceTree = "<group>"; };
		43283FBB25BB0EF8002DDD08 /* Customer.swift */ = {isa = PBXFileReference; fileEncoding = 4; lastKnownFileType = sourcecode.swift; path = Customer.swift; sourceTree = "<group>"; };
		43283FBC25BB0EF8002DDD08 /* Category.swift */ = {isa = PBXFileReference; fileEncoding = 4; lastKnownFileType = sourcecode.swift; path = Category.swift; sourceTree = "<group>"; };
		43283FBD25BB0EF8002DDD08 /* Company.swift */ = {isa = PBXFileReference; fileEncoding = 4; lastKnownFileType = sourcecode.swift; path = Company.swift; sourceTree = "<group>"; };
		43283FBE25BB0EF8002DDD08 /* Coupon.swift */ = {isa = PBXFileReference; fileEncoding = 4; lastKnownFileType = sourcecode.swift; path = Coupon.swift; sourceTree = "<group>"; };
		43283FBF25BB0EF8002DDD08 /* CouponsByCategory.swift */ = {isa = PBXFileReference; fileEncoding = 4; lastKnownFileType = sourcecode.swift; path = CouponsByCategory.swift; sourceTree = "<group>"; };
		435B200A25C2B0AA00539A40 /* HomeView.swift */ = {isa = PBXFileReference; lastKnownFileType = sourcecode.swift; path = HomeView.swift; sourceTree = "<group>"; };
		435B201625C2C31B00539A40 /* Repository.swift */ = {isa = PBXFileReference; lastKnownFileType = sourcecode.swift; path = Repository.swift; sourceTree = "<group>"; };
		435B201B25C2D55800539A40 /* ClientService.swift */ = {isa = PBXFileReference; lastKnownFileType = sourcecode.swift; path = ClientService.swift; sourceTree = "<group>"; };
		435B206125C2DDC500539A40 /* CouponsTests.xctest */ = {isa = PBXFileReference; explicitFileType = wrapper.cfbundle; includeInIndex = 0; path = CouponsTests.xctest; sourceTree = BUILT_PRODUCTS_DIR; };
		435B206325C2DDC500539A40 /* CouponsTests.swift */ = {isa = PBXFileReference; lastKnownFileType = sourcecode.swift; path = CouponsTests.swift; sourceTree = "<group>"; };
		435B206525C2DDC500539A40 /* Info.plist */ = {isa = PBXFileReference; lastKnownFileType = text.plist.xml; path = Info.plist; sourceTree = "<group>"; };
		435B206D25C2DDEE00539A40 /* AdminServicesTests.swift */ = {isa = PBXFileReference; lastKnownFileType = sourcecode.swift; path = AdminServicesTests.swift; sourceTree = "<group>"; };
		435B207425C2DF5500539A40 /* CustomerServiceTests.swift */ = {isa = PBXFileReference; lastKnownFileType = sourcecode.swift; path = CustomerServiceTests.swift; sourceTree = "<group>"; };
		435B207A25C2DF6500539A40 /* CompanyServiceTests.swift */ = {isa = PBXFileReference; lastKnownFileType = sourcecode.swift; path = CompanyServiceTests.swift; sourceTree = "<group>"; };
		435B20B925C5B87800539A40 /* CustomerHomeView.swift */ = {isa = PBXFileReference; lastKnownFileType = sourcecode.swift; path = CustomerHomeView.swift; sourceTree = "<group>"; };
		435B20BD25C5B8B200539A40 /* AdminHomeView.swift */ = {isa = PBXFileReference; lastKnownFileType = sourcecode.swift; path = AdminHomeView.swift; sourceTree = "<group>"; };
		435B20C125C5B8D700539A40 /* ComapnyHameView.swift */ = {isa = PBXFileReference; lastKnownFileType = sourcecode.swift; path = ComapnyHameView.swift; sourceTree = "<group>"; };
		4388CCDD25DADD7400C24539 /* LoginViewModel.swift */ = {isa = PBXFileReference; lastKnownFileType = sourcecode.swift; path = LoginViewModel.swift; sourceTree = "<group>"; };
		4388CCE125DB996100C24539 /* HomeViewModel.swift */ = {isa = PBXFileReference; lastKnownFileType = sourcecode.swift; path = HomeViewModel.swift; sourceTree = "<group>"; };
		438D050625CAC0270073CDE1 /* JSONDecoder+Extension.swift */ = {isa = PBXFileReference; lastKnownFileType = sourcecode.swift; path = "JSONDecoder+Extension.swift"; sourceTree = "<group>"; };
		438D050B25CAC2180073CDE1 /* ResponseHandler.swift */ = {isa = PBXFileReference; lastKnownFileType = sourcecode.swift; path = ResponseHandler.swift; sourceTree = "<group>"; };
		438D051325CAD9440073CDE1 /* Date+Extension.swift */ = {isa = PBXFileReference; lastKnownFileType = sourcecode.swift; path = "Date+Extension.swift"; sourceTree = "<group>"; };
		438D051725CB3CEE0073CDE1 /* JSONEncoder+Extension.swift */ = {isa = PBXFileReference; lastKnownFileType = sourcecode.swift; path = "JSONEncoder+Extension.swift"; sourceTree = "<group>"; };
		438D052525CBCDB00073CDE1 /* String+Extension.swift */ = {isa = PBXFileReference; lastKnownFileType = sourcecode.swift; path = "String+Extension.swift"; sourceTree = "<group>"; };
		438D055325CD95F00073CDE1 /* APIResponseItem.swift */ = {isa = PBXFileReference; lastKnownFileType = sourcecode.swift; path = APIResponseItem.swift; sourceTree = "<group>"; };
		438D055825CD9BCD0073CDE1 /* AddButon.swift */ = {isa = PBXFileReference; lastKnownFileType = sourcecode.swift; path = AddButon.swift; sourceTree = "<group>"; };
		438D055C25CD9E000073CDE1 /* BaseAddItemView.swift */ = {isa = PBXFileReference; lastKnownFileType = sourcecode.swift; path = BaseAddItemView.swift; sourceTree = "<group>"; };
		438D056225CEE9EF0073CDE1 /* APIResponseHandler.swift */ = {isa = PBXFileReference; lastKnownFileType = sourcecode.swift; path = APIResponseHandler.swift; sourceTree = "<group>"; };
		438D056625CEEAEC0073CDE1 /* APIResponseError.swift */ = {isa = PBXFileReference; lastKnownFileType = sourcecode.swift; path = APIResponseError.swift; sourceTree = "<group>"; };
		43A2E7B325BE89A200B531DF /* NetworkResponseHandler.swift */ = {isa = PBXFileReference; lastKnownFileType = sourcecode.swift; path = NetworkResponseHandler.swift; sourceTree = "<group>"; };
		43A2E7BC25BE8CBB00B531DF /* EndPoint.swift */ = {isa = PBXFileReference; lastKnownFileType = sourcecode.swift; path = EndPoint.swift; sourceTree = "<group>"; };
		43A2E7C125BE8DD500B531DF /* ParameterEncoder.swift */ = {isa = PBXFileReference; lastKnownFileType = sourcecode.swift; path = ParameterEncoder.swift; sourceTree = "<group>"; };
		43A2E7C425BE8E7B00B531DF /* NetworkError.swift */ = {isa = PBXFileReference; lastKnownFileType = sourcecode.swift; path = NetworkError.swift; sourceTree = "<group>"; };
		43A2E7C825BE8F1D00B531DF /* URLParameterEncoder.swift */ = {isa = PBXFileReference; lastKnownFileType = sourcecode.swift; path = URLParameterEncoder.swift; sourceTree = "<group>"; };
		43A2E7CC25BE91B200B531DF /* JSONParameterEncoder.swift */ = {isa = PBXFileReference; lastKnownFileType = sourcecode.swift; path = JSONParameterEncoder.swift; sourceTree = "<group>"; };
		43A2E7D125BE92E500B531DF /* NetworkRouter.swift */ = {isa = PBXFileReference; lastKnownFileType = sourcecode.swift; path = NetworkRouter.swift; sourceTree = "<group>"; };
		43A2E7D525BE941F00B531DF /* Router.swift */ = {isa = PBXFileReference; lastKnownFileType = sourcecode.swift; path = Router.swift; sourceTree = "<group>"; };
		43A2E7E125BEA1B500B531DF /* AdminEndPoint.swift */ = {isa = PBXFileReference; lastKnownFileType = sourcecode.swift; path = AdminEndPoint.swift; sourceTree = "<group>"; };
		43A2E7E625BEAB5000B531DF /* CustomerServise.swift */ = {isa = PBXFileReference; lastKnownFileType = sourcecode.swift; path = CustomerServise.swift; sourceTree = "<group>"; };
		43A2E7EC25BEAD9900B531DF /* AdminService.swift */ = {isa = PBXFileReference; lastKnownFileType = sourcecode.swift; path = AdminService.swift; sourceTree = "<group>"; };
		43A2E7F025BEAF6200B531DF /* CompanyService.swift */ = {isa = PBXFileReference; lastKnownFileType = sourcecode.swift; path = CompanyService.swift; sourceTree = "<group>"; };
		43A2E7F325BEB5FA00B531DF /* AdminServiceImp.swift */ = {isa = PBXFileReference; lastKnownFileType = sourcecode.swift; path = AdminServiceImp.swift; sourceTree = "<group>"; };
		43A2E7FB25BEC47600B531DF /* AdminClient.swift */ = {isa = PBXFileReference; lastKnownFileType = sourcecode.swift; path = AdminClient.swift; sourceTree = "<group>"; };
		43A2E80925BEC71700B531DF /* CustomerEndPoint.swift */ = {isa = PBXFileReference; lastKnownFileType = sourcecode.swift; path = CustomerEndPoint.swift; sourceTree = "<group>"; };
		43A2E81225BED0C800B531DF /* CustomerClient.swift */ = {isa = PBXFileReference; lastKnownFileType = sourcecode.swift; path = CustomerClient.swift; sourceTree = "<group>"; };
		43A2E81525BED0D200B531DF /* CompanyClient.swift */ = {isa = PBXFileReference; lastKnownFileType = sourcecode.swift; path = CompanyClient.swift; sourceTree = "<group>"; };
		43A2E81B25BEEB3C00B531DF /* CustomerServiceImp.swift */ = {isa = PBXFileReference; lastKnownFileType = sourcecode.swift; path = CustomerServiceImp.swift; sourceTree = "<group>"; };
		43A2E81E25BEEBE300B531DF /* CompanyEndPoint.swift */ = {isa = PBXFileReference; lastKnownFileType = sourcecode.swift; path = CompanyEndPoint.swift; sourceTree = "<group>"; };
		43A2E82125BEF02D00B531DF /* CompanyServiceImp.swift */ = {isa = PBXFileReference; lastKnownFileType = sourcecode.swift; path = CompanyServiceImp.swift; sourceTree = "<group>"; };
		43A2E83825C2847100B531DF /* LoginView.swift */ = {isa = PBXFileReference; lastKnownFileType = sourcecode.swift; path = LoginView.swift; sourceTree = "<group>"; };
		43B0A6AA25BC7A7700C3AC08 /* CustomerDetailsView.swift */ = {isa = PBXFileReference; lastKnownFileType = sourcecode.swift; path = CustomerDetailsView.swift; sourceTree = "<group>"; };
		43B0A6AE25BC7A9200C3AC08 /* CompanyDetailsView.swift */ = {isa = PBXFileReference; lastKnownFileType = sourcecode.swift; path = CompanyDetailsView.swift; sourceTree = "<group>"; };
		43B0A6B125BC7B8100C3AC08 /* CompanyItemView.swift */ = {isa = PBXFileReference; lastKnownFileType = sourcecode.swift; path = CompanyItemView.swift; sourceTree = "<group>"; };
		43E6166025C7C88D004A839D /* ErrorFetchDataAlertView.swift */ = {isa = PBXFileReference; lastKnownFileType = sourcecode.swift; path = ErrorFetchDataAlertView.swift; sourceTree = "<group>"; };
		43E6166425C7CC34004A839D /* CompanyHomeViewModel.swift */ = {isa = PBXFileReference; lastKnownFileType = sourcecode.swift; path = CompanyHomeViewModel.swift; sourceTree = "<group>"; };
		43E6166D25C7E4F4004A839D /* FormatCouponsTest.swift */ = {isa = PBXFileReference; lastKnownFileType = sourcecode.swift; path = FormatCouponsTest.swift; sourceTree = "<group>"; };
		43E6167425C7FC0A004A839D /* CustomerHomeViewModel.swift */ = {isa = PBXFileReference; lastKnownFileType = sourcecode.swift; path = CustomerHomeViewModel.swift; sourceTree = "<group>"; };
		43E6167B25C7FCF8004A839D /* Utils.swift */ = {isa = PBXFileReference; lastKnownFileType = sourcecode.swift; path = Utils.swift; sourceTree = "<group>"; };
		43E6169825C82B3A004A839D /* CustomerItemView.swift */ = {isa = PBXFileReference; lastKnownFileType = sourcecode.swift; path = CustomerItemView.swift; sourceTree = "<group>"; };
		43E616B025C830FE004A839D /* AdminHomeViewModel.swift */ = {isa = PBXFileReference; lastKnownFileType = sourcecode.swift; path = AdminHomeViewModel.swift; sourceTree = "<group>"; };
		43E616C625C8611C004A839D /* AddCouponView.swift */ = {isa = PBXFileReference; lastKnownFileType = sourcecode.swift; path = AddCouponView.swift; sourceTree = "<group>"; };
		43E616CC25C8625F004A839D /* AddCouponViewModel.swift */ = {isa = PBXFileReference; lastKnownFileType = sourcecode.swift; path = AddCouponViewModel.swift; sourceTree = "<group>"; };
		5D44EC6FDAE04526659F88D5 /* Pods-CouponsTests.debug.xcconfig */ = {isa = PBXFileReference; includeInIndex = 1; lastKnownFileType = text.xcconfig; name = "Pods-CouponsTests.debug.xcconfig"; path = "Target Support Files/Pods-CouponsTests/Pods-CouponsTests.debug.xcconfig"; sourceTree = "<group>"; };
		67733C641B72DC7E8EEE1379 /* Pods-Coupons.debug.xcconfig */ = {isa = PBXFileReference; includeInIndex = 1; lastKnownFileType = text.xcconfig; name = "Pods-Coupons.debug.xcconfig"; path = "Target Support Files/Pods-Coupons/Pods-Coupons.debug.xcconfig"; sourceTree = "<group>"; };
		8852FF333640054116DD06C1 /* Pods_CouponsTests.framework */ = {isa = PBXFileReference; explicitFileType = wrapper.framework; includeInIndex = 0; path = Pods_CouponsTests.framework; sourceTree = BUILT_PRODUCTS_DIR; };
		A56FFD26CB4667BBD7B6961A /* Pods_Coupons.framework */ = {isa = PBXFileReference; explicitFileType = wrapper.framework; includeInIndex = 0; path = Pods_Coupons.framework; sourceTree = BUILT_PRODUCTS_DIR; };
/* End PBXFileReference section */

/* Begin PBXFrameworksBuildPhase section */
		43283F7D25BB0DDB002DDD08 /* Frameworks */ = {
			isa = PBXFrameworksBuildPhase;
			buildActionMask = 2147483647;
			files = (
				A8D48A46A873ADC19B9EBF90 /* Pods_Coupons.framework in Frameworks */,
			);
			runOnlyForDeploymentPostprocessing = 0;
		};
		435B205E25C2DDC500539A40 /* Frameworks */ = {
			isa = PBXFrameworksBuildPhase;
			buildActionMask = 2147483647;
			files = (
				AD789987FF65E36FA68088DD /* Pods_CouponsTests.framework in Frameworks */,
			);
			runOnlyForDeploymentPostprocessing = 0;
		};
/* End PBXFrameworksBuildPhase section */

/* Begin PBXGroup section */
		15503B90A2D6927E916B7CF6 /* Pods */ = {
			isa = PBXGroup;
			children = (
				67733C641B72DC7E8EEE1379 /* Pods-Coupons.debug.xcconfig */,
				133D7CEAC0EDCAA57C816D11 /* Pods-Coupons.release.xcconfig */,
				5D44EC6FDAE04526659F88D5 /* Pods-CouponsTests.debug.xcconfig */,
				163B9DA7DCD4910A2067340E /* Pods-CouponsTests.release.xcconfig */,
			);
			path = Pods;
			sourceTree = "<group>";
		};
		43283F7725BB0DDB002DDD08 = {
			isa = PBXGroup;
			children = (
				43283F8225BB0DDB002DDD08 /* Coupons */,
				435B206225C2DDC500539A40 /* CouponsTests */,
				43283F8125BB0DDB002DDD08 /* Products */,
				15503B90A2D6927E916B7CF6 /* Pods */,
				C5740BF0BFD43CA6C3F59BF7 /* Frameworks */,
			);
			sourceTree = "<group>";
		};
		43283F8125BB0DDB002DDD08 /* Products */ = {
			isa = PBXGroup;
			children = (
				43283F8025BB0DDB002DDD08 /* Coupons.app */,
				435B206125C2DDC500539A40 /* CouponsTests.xctest */,
			);
			name = Products;
			sourceTree = "<group>";
		};
		43283F8225BB0DDB002DDD08 /* Coupons */ = {
			isa = PBXGroup;
			children = (
				435B200D25C2B11400539A40 /* ObservableObjects */,
				43A2E7B225BE898700B531DF /* Network */,
				43A2E7E025BEA19C00B531DF /* API */,
				43283F9325BB0E04002DDD08 /* App */,
				43283F8525BB0DDB002DDD08 /* ContentView.swift */,
				43283F9A25BB0E57002DDD08 /* AppView.swift */,
				43283FBA25BB0EED002DDD08 /* Models */,
				43283FA025BB0E68002DDD08 /* View */,
				43283FB625BB0ED7002DDD08 /* MockData */,
				43283FC725BB0F07002DDD08 /* Resources */,
				43283F8C25BB0DDC002DDD08 /* Info.plist */,
				43283F8925BB0DDC002DDD08 /* Preview Content */,
			);
			path = Coupons;
			sourceTree = "<group>";
		};
		43283F8925BB0DDC002DDD08 /* Preview Content */ = {
			isa = PBXGroup;
			children = (
				43283F8A25BB0DDC002DDD08 /* Preview Assets.xcassets */,
			);
			path = "Preview Content";
			sourceTree = "<group>";
		};
		43283F9325BB0E04002DDD08 /* App */ = {
			isa = PBXGroup;
			children = (
				43283F8325BB0DDB002DDD08 /* CouponsApp.swift */,
				43283F9425BB0E16002DDD08 /* AppDelegate.swift */,
			);
			path = App;
			sourceTree = "<group>";
		};
		43283FA025BB0E68002DDD08 /* View */ = {
			isa = PBXGroup;
			children = (
				438D055725CD9BB30073CDE1 /* General */,
				43E6165F25C7C85B004A839D /* Error */,
				43E6167A25C7FCEA004A839D /* Utils */,
				43E6168525C82742004A839D /* Coupon */,
				435B200925C2B09A00539A40 /* Home */,
				43A2E83725C2845800B531DF /* Login */,
				43283FB025BB0EB9002DDD08 /* CustomerViews */,
			);
			path = View;
			sourceTree = "<group>";
		};
		43283FB025BB0EB9002DDD08 /* CustomerViews */ = {
			isa = PBXGroup;
			children = (
				43283FB125BB0EC8002DDD08 /* CheckoutView.swift */,
				43283FB225BB0EC8002DDD08 /* OrderView.swift */,
			);
			path = CustomerViews;
			sourceTree = "<group>";
		};
		43283FB625BB0ED7002DDD08 /* MockData */ = {
			isa = PBXGroup;
			children = (
				43283FB725BB0EE7002DDD08 /* MockData.swift */,
			);
			path = MockData;
			sourceTree = "<group>";
		};
		43283FBA25BB0EED002DDD08 /* Models */ = {
			isa = PBXGroup;
			children = (
				43283FBC25BB0EF8002DDD08 /* Category.swift */,
				43283FBD25BB0EF8002DDD08 /* Company.swift */,
				43283FBE25BB0EF8002DDD08 /* Coupon.swift */,
				43283FBF25BB0EF8002DDD08 /* CouponsByCategory.swift */,
				43283FBB25BB0EF8002DDD08 /* Customer.swift */,
			);
			path = Models;
			sourceTree = "<group>";
		};
		43283FC725BB0F07002DDD08 /* Resources */ = {
			isa = PBXGroup;
			children = (
				43283F8725BB0DDC002DDD08 /* Assets.xcassets */,
			);
			path = Resources;
			sourceTree = "<group>";
		};
		435B200925C2B09A00539A40 /* Home */ = {
			isa = PBXGroup;
			children = (
				435B200A25C2B0AA00539A40 /* HomeView.swift */,
				4388CCE125DB996100C24539 /* HomeViewModel.swift */,
				43E6169125C828EA004A839D /* Admin */,
				43E6167325C7FBF2004A839D /* Customer */,
				43E6166A25C7CE8A004A839D /* Company */,
			);
			path = Home;
			sourceTree = "<group>";
		};
		435B200D25C2B11400539A40 /* ObservableObjects */ = {
			isa = PBXGroup;
			children = (
				43283F9D25BB0E60002DDD08 /* AdminObservableObject.swift */,
				43283F9725BB0E4C002DDD08 /* OrderCouopon.swift */,
			);
			path = ObservableObjects;
			sourceTree = "<group>";
		};
		435B201525C2C2FF00539A40 /* Repository */ = {
			isa = PBXGroup;
			children = (
				435B201625C2C31B00539A40 /* Repository.swift */,
			);
			path = Repository;
			sourceTree = "<group>";
		};
		435B206225C2DDC500539A40 /* CouponsTests */ = {
			isa = PBXGroup;
			children = (
				43E6166D25C7E4F4004A839D /* FormatCouponsTest.swift */,
				435B207325C2DF3B00539A40 /* Services */,
				435B206325C2DDC500539A40 /* CouponsTests.swift */,
				435B206525C2DDC500539A40 /* Info.plist */,
			);
			path = CouponsTests;
			sourceTree = "<group>";
		};
		435B207325C2DF3B00539A40 /* Services */ = {
			isa = PBXGroup;
			children = (
				435B206D25C2DDEE00539A40 /* AdminServicesTests.swift */,
				435B207425C2DF5500539A40 /* CustomerServiceTests.swift */,
				435B207A25C2DF6500539A40 /* CompanyServiceTests.swift */,
			);
			path = Services;
			sourceTree = "<group>";
		};
		438D050525CABFE30073CDE1 /* Decoding */ = {
			isa = PBXGroup;
			children = (
				438D050625CAC0270073CDE1 /* JSONDecoder+Extension.swift */,
			);
			path = Decoding;
			sourceTree = "<group>";
		};
		438D050A25CAC1FE0073CDE1 /* Response */ = {
			isa = PBXGroup;
			children = (
				438D055325CD95F00073CDE1 /* APIResponseItem.swift */,
				438D056225CEE9EF0073CDE1 /* APIResponseHandler.swift */,
				438D056625CEEAEC0073CDE1 /* APIResponseError.swift */,
			);
			path = Response;
			sourceTree = "<group>";
		};
		438D053325CC4C560073CDE1 /* DateFormat */ = {
			isa = PBXGroup;
			children = (
				438D051325CAD9440073CDE1 /* Date+Extension.swift */,
				438D052525CBCDB00073CDE1 /* String+Extension.swift */,
			);
			path = DateFormat;
			sourceTree = "<group>";
		};
		438D055725CD9BB30073CDE1 /* General */ = {
			isa = PBXGroup;
			children = (
				438D055825CD9BCD0073CDE1 /* AddButon.swift */,
				438D055C25CD9E000073CDE1 /* BaseAddItemView.swift */,
			);
			path = General;
			sourceTree = "<group>";
		};
		43A2E7B225BE898700B531DF /* Network */ = {
			isa = PBXGroup;
			children = (
				438D050525CABFE30073CDE1 /* Decoding */,
				43A2E7D025BE92CB00B531DF /* Service */,
				43A2E7CF25BE929700B531DF /* Response */,
				43A2E7C725BE8EFD00B531DF /* Encoding */,
				43A2E7BF25BE8D4700B531DF /* EndPont */,
			);
			path = Network;
			sourceTree = "<group>";
		};
		43A2E7BF25BE8D4700B531DF /* EndPont */ = {
			isa = PBXGroup;
			children = (
				43A2E7BC25BE8CBB00B531DF /* EndPoint.swift */,
			);
			path = EndPont;
			sourceTree = "<group>";
		};
		43A2E7C725BE8EFD00B531DF /* Encoding */ = {
			isa = PBXGroup;
			children = (
				43A2E7C425BE8E7B00B531DF /* NetworkError.swift */,
				43A2E7C125BE8DD500B531DF /* ParameterEncoder.swift */,
				43A2E7C825BE8F1D00B531DF /* URLParameterEncoder.swift */,
				438D051725CB3CEE0073CDE1 /* JSONEncoder+Extension.swift */,
				43A2E7CC25BE91B200B531DF /* JSONParameterEncoder.swift */,
			);
			path = Encoding;
			sourceTree = "<group>";
		};
		43A2E7CF25BE929700B531DF /* Response */ = {
			isa = PBXGroup;
			children = (
				43A2E7B325BE89A200B531DF /* NetworkResponseHandler.swift */,
				438D050B25CAC2180073CDE1 /* ResponseHandler.swift */,
			);
			path = Response;
			sourceTree = "<group>";
		};
		43A2E7D025BE92CB00B531DF /* Service */ = {
			isa = PBXGroup;
			children = (
				43A2E7D125BE92E500B531DF /* NetworkRouter.swift */,
				43A2E7D525BE941F00B531DF /* Router.swift */,
			);
			path = Service;
			sourceTree = "<group>";
		};
		43A2E7E025BEA19C00B531DF /* API */ = {
			isa = PBXGroup;
			children = (
				438D050A25CAC1FE0073CDE1 /* Response */,
				435B201525C2C2FF00539A40 /* Repository */,
				43A2E80025BEC4C200B531DF /* EndPiont */,
				43A2E7FA25BEC46800B531DF /* Client */,
				43A2E7E525BEAB3600B531DF /* Services */,
				438D053325CC4C560073CDE1 /* DateFormat */,
			);
			path = API;
			sourceTree = "<group>";
		};
		43A2E7E525BEAB3600B531DF /* Services */ = {
			isa = PBXGroup;
			children = (
				43A2E81A25BEEB1700B531DF /* Implementations */,
				43A2E81925BEEB0500B531DF /* protocols */,
			);
			path = Services;
			sourceTree = "<group>";
		};
		43A2E7FA25BEC46800B531DF /* Client */ = {
			isa = PBXGroup;
			children = (
				43A2E7FB25BEC47600B531DF /* AdminClient.swift */,
				43A2E81225BED0C800B531DF /* CustomerClient.swift */,
				43A2E81525BED0D200B531DF /* CompanyClient.swift */,
			);
			path = Client;
			sourceTree = "<group>";
		};
		43A2E80025BEC4C200B531DF /* EndPiont */ = {
			isa = PBXGroup;
			children = (
				43A2E7E125BEA1B500B531DF /* AdminEndPoint.swift */,
				43A2E80925BEC71700B531DF /* CustomerEndPoint.swift */,
				43A2E81E25BEEBE300B531DF /* CompanyEndPoint.swift */,
			);
			path = EndPiont;
			sourceTree = "<group>";
		};
		43A2E81925BEEB0500B531DF /* protocols */ = {
			isa = PBXGroup;
			children = (
				43A2E7E625BEAB5000B531DF /* CustomerServise.swift */,
				43A2E7EC25BEAD9900B531DF /* AdminService.swift */,
				43A2E7F025BEAF6200B531DF /* CompanyService.swift */,
				435B201B25C2D55800539A40 /* ClientService.swift */,
			);
			path = protocols;
			sourceTree = "<group>";
		};
		43A2E81A25BEEB1700B531DF /* Implementations */ = {
			isa = PBXGroup;
			children = (
				43A2E7F325BEB5FA00B531DF /* AdminServiceImp.swift */,
				43A2E81B25BEEB3C00B531DF /* CustomerServiceImp.swift */,
				43A2E82125BEF02D00B531DF /* CompanyServiceImp.swift */,
			);
			path = Implementations;
			sourceTree = "<group>";
		};
		43A2E83725C2845800B531DF /* Login */ = {
			isa = PBXGroup;
			children = (
				43A2E83825C2847100B531DF /* LoginView.swift */,
				4388CCDD25DADD7400C24539 /* LoginViewModel.swift */,
			);
			path = Login;
			sourceTree = "<group>";
		};
		43E6165F25C7C85B004A839D /* Error */ = {
			isa = PBXGroup;
			children = (
				43E6166025C7C88D004A839D /* ErrorFetchDataAlertView.swift */,
			);
			path = Error;
			sourceTree = "<group>";
		};
		43E6166A25C7CE8A004A839D /* Company */ = {
			isa = PBXGroup;
			children = (
				43E616CB25C86247004A839D /* AddCoupon */,
				43E616CA25C86236004A839D /* CompanyHome */,
			);
			path = Company;
			sourceTree = "<group>";
		};
		43E6167325C7FBF2004A839D /* Customer */ = {
			isa = PBXGroup;
			children = (
				435B20B925C5B87800539A40 /* CustomerHomeView.swift */,
				43E6167425C7FC0A004A839D /* CustomerHomeViewModel.swift */,
			);
			path = Customer;
			sourceTree = "<group>";
		};
		43E6167A25C7FCEA004A839D /* Utils */ = {
			isa = PBXGroup;
			children = (
				43E6167B25C7FCF8004A839D /* Utils.swift */,
			);
			path = Utils;
			sourceTree = "<group>";
		};
		43E6168525C82742004A839D /* Coupon */ = {
			isa = PBXGroup;
			children = (
				43283FA825BB0E97002DDD08 /* CouponsListView.swift */,
				43283FA725BB0E97002DDD08 /* CouponDetail.swift */,
				43283FAA25BB0E97002DDD08 /* CouponItemView.swift */,
			);
			path = Coupon;
			sourceTree = "<group>";
		};
		43E6169125C828EA004A839D /* Admin */ = {
			isa = PBXGroup;
			children = (
				43E6169325C82934004A839D /* Company */,
				43E6169225C82919004A839D /* Customer */,
				435B20BD25C5B8B200539A40 /* AdminHomeView.swift */,
				43E616B025C830FE004A839D /* AdminHomeViewModel.swift */,
			);
			path = Admin;
			sourceTree = "<group>";
		};
		43E6169225C82919004A839D /* Customer */ = {
			isa = PBXGroup;
			children = (
				43E616A225C82D14004A839D /* CustomerList */,
				43B0A6AA25BC7A7700C3AC08 /* CustomerDetailsView.swift */,
				43E6169825C82B3A004A839D /* CustomerItemView.swift */,
			);
			path = Customer;
			sourceTree = "<group>";
		};
		43E6169325C82934004A839D /* Company */ = {
			isa = PBXGroup;
			children = (
				43283FA225BB0E89002DDD08 /* CompaniesListView.swift */,
				43B0A6AE25BC7A9200C3AC08 /* CompanyDetailsView.swift */,
				43B0A6B125BC7B8100C3AC08 /* CompanyItemView.swift */,
			);
			path = Company;
			sourceTree = "<group>";
		};
		43E616A225C82D14004A839D /* CustomerList */ = {
			isa = PBXGroup;
			children = (
				43283FA325BB0E89002DDD08 /* CustomersListView.swift */,
			);
			path = CustomerList;
			sourceTree = "<group>";
		};
		43E616CA25C86236004A839D /* CompanyHome */ = {
			isa = PBXGroup;
			children = (
				435B20C125C5B8D700539A40 /* ComapnyHameView.swift */,
				43E6166425C7CC34004A839D /* CompanyHomeViewModel.swift */,
			);
			path = CompanyHome;
			sourceTree = "<group>";
		};
		43E616CB25C86247004A839D /* AddCoupon */ = {
			isa = PBXGroup;
			children = (
				43E616C625C8611C004A839D /* AddCouponView.swift */,
				43E616CC25C8625F004A839D /* AddCouponViewModel.swift */,
			);
			path = AddCoupon;
			sourceTree = "<group>";
		};
		C5740BF0BFD43CA6C3F59BF7 /* Frameworks */ = {
			isa = PBXGroup;
			children = (
				A56FFD26CB4667BBD7B6961A /* Pods_Coupons.framework */,
				8852FF333640054116DD06C1 /* Pods_CouponsTests.framework */,
			);
			name = Frameworks;
			sourceTree = "<group>";
		};
/* End PBXGroup section */

/* Begin PBXNativeTarget section */
		43283F7F25BB0DDB002DDD08 /* Coupons */ = {
			isa = PBXNativeTarget;
			buildConfigurationList = 43283F8F25BB0DDC002DDD08 /* Build configuration list for PBXNativeTarget "Coupons" */;
			buildPhases = (
				8A0FA9C8474C59AC4BAEF6B0 /* [CP] Check Pods Manifest.lock */,
				43283F7C25BB0DDB002DDD08 /* Sources */,
				43283F7D25BB0DDB002DDD08 /* Frameworks */,
				43283F7E25BB0DDB002DDD08 /* Resources */,
				438D054125CC4F250073CDE1 /* ShellScript */,
			);
			buildRules = (
			);
			dependencies = (
			);
			name = Coupons;
			productName = Coupons;
			productReference = 43283F8025BB0DDB002DDD08 /* Coupons.app */;
			productType = "com.apple.product-type.application";
		};
		435B206025C2DDC500539A40 /* CouponsTests */ = {
			isa = PBXNativeTarget;
			buildConfigurationList = 435B206825C2DDC500539A40 /* Build configuration list for PBXNativeTarget "CouponsTests" */;
			buildPhases = (
				AA30C29C3032CA919F7E819F /* [CP] Check Pods Manifest.lock */,
				435B205D25C2DDC500539A40 /* Sources */,
				435B205E25C2DDC500539A40 /* Frameworks */,
				435B205F25C2DDC500539A40 /* Resources */,
			);
			buildRules = (
			);
			dependencies = (
				435B206725C2DDC500539A40 /* PBXTargetDependency */,
			);
			name = CouponsTests;
			productName = CouponsTests;
			productReference = 435B206125C2DDC500539A40 /* CouponsTests.xctest */;
			productType = "com.apple.product-type.bundle.unit-test";
		};
/* End PBXNativeTarget section */

/* Begin PBXProject section */
		43283F7825BB0DDB002DDD08 /* Project object */ = {
			isa = PBXProject;
			attributes = {
				LastSwiftUpdateCheck = 1240;
				LastUpgradeCheck = 1230;
				TargetAttributes = {
					43283F7F25BB0DDB002DDD08 = {
						CreatedOnToolsVersion = 12.3;
					};
					435B206025C2DDC500539A40 = {
						CreatedOnToolsVersion = 12.4;
						TestTargetID = 43283F7F25BB0DDB002DDD08;
					};
				};
			};
			buildConfigurationList = 43283F7B25BB0DDB002DDD08 /* Build configuration list for PBXProject "Coupons" */;
			compatibilityVersion = "Xcode 9.3";
			developmentRegion = en;
			hasScannedForEncodings = 0;
			knownRegions = (
				en,
				Base,
			);
			mainGroup = 43283F7725BB0DDB002DDD08;
			productRefGroup = 43283F8125BB0DDB002DDD08 /* Products */;
			projectDirPath = "";
			projectRoot = "";
			targets = (
				43283F7F25BB0DDB002DDD08 /* Coupons */,
				435B206025C2DDC500539A40 /* CouponsTests */,
			);
		};
/* End PBXProject section */

/* Begin PBXResourcesBuildPhase section */
		43283F7E25BB0DDB002DDD08 /* Resources */ = {
			isa = PBXResourcesBuildPhase;
			buildActionMask = 2147483647;
			files = (
				43283F8B25BB0DDC002DDD08 /* Preview Assets.xcassets in Resources */,
				43283F8825BB0DDC002DDD08 /* Assets.xcassets in Resources */,
			);
			runOnlyForDeploymentPostprocessing = 0;
		};
		435B205F25C2DDC500539A40 /* Resources */ = {
			isa = PBXResourcesBuildPhase;
			buildActionMask = 2147483647;
			files = (
			);
			runOnlyForDeploymentPostprocessing = 0;
		};
/* End PBXResourcesBuildPhase section */

/* Begin PBXShellScriptBuildPhase section */
		438D054125CC4F250073CDE1 /* ShellScript */ = {
			isa = PBXShellScriptBuildPhase;
			buildActionMask = 2147483647;
			files = (
			);
			inputFileListPaths = (
			);
			inputPaths = (
			);
			outputFileListPaths = (
			);
			outputPaths = (
			);
			runOnlyForDeploymentPostprocessing = 0;
			shellPath = /bin/sh;
			shellScript = "if which swiftlint >/dev/null; then\n  swiftlint\nelse\n  echo \"warning: SwiftLint not installed, download from https://github.com/realm/SwiftLint\"\nfi\n";
		};
		8A0FA9C8474C59AC4BAEF6B0 /* [CP] Check Pods Manifest.lock */ = {
			isa = PBXShellScriptBuildPhase;
			buildActionMask = 2147483647;
			files = (
			);
			inputFileListPaths = (
			);
			inputPaths = (
				"${PODS_PODFILE_DIR_PATH}/Podfile.lock",
				"${PODS_ROOT}/Manifest.lock",
			);
			name = "[CP] Check Pods Manifest.lock";
			outputFileListPaths = (
			);
			outputPaths = (
				"$(DERIVED_FILE_DIR)/Pods-Coupons-checkManifestLockResult.txt",
			);
			runOnlyForDeploymentPostprocessing = 0;
			shellPath = /bin/sh;
			shellScript = "diff \"${PODS_PODFILE_DIR_PATH}/Podfile.lock\" \"${PODS_ROOT}/Manifest.lock\" > /dev/null\nif [ $? != 0 ] ; then\n    # print error to STDERR\n    echo \"error: The sandbox is not in sync with the Podfile.lock. Run 'pod install' or update your CocoaPods installation.\" >&2\n    exit 1\nfi\n# This output is used by Xcode 'outputs' to avoid re-running this script phase.\necho \"SUCCESS\" > \"${SCRIPT_OUTPUT_FILE_0}\"\n";
			showEnvVarsInLog = 0;
		};
		AA30C29C3032CA919F7E819F /* [CP] Check Pods Manifest.lock */ = {
			isa = PBXShellScriptBuildPhase;
			buildActionMask = 2147483647;
			files = (
			);
			inputFileListPaths = (
			);
			inputPaths = (
				"${PODS_PODFILE_DIR_PATH}/Podfile.lock",
				"${PODS_ROOT}/Manifest.lock",
			);
			name = "[CP] Check Pods Manifest.lock";
			outputFileListPaths = (
			);
			outputPaths = (
				"$(DERIVED_FILE_DIR)/Pods-CouponsTests-checkManifestLockResult.txt",
			);
			runOnlyForDeploymentPostprocessing = 0;
			shellPath = /bin/sh;
			shellScript = "diff \"${PODS_PODFILE_DIR_PATH}/Podfile.lock\" \"${PODS_ROOT}/Manifest.lock\" > /dev/null\nif [ $? != 0 ] ; then\n    # print error to STDERR\n    echo \"error: The sandbox is not in sync with the Podfile.lock. Run 'pod install' or update your CocoaPods installation.\" >&2\n    exit 1\nfi\n# This output is used by Xcode 'outputs' to avoid re-running this script phase.\necho \"SUCCESS\" > \"${SCRIPT_OUTPUT_FILE_0}\"\n";
			showEnvVarsInLog = 0;
		};
/* End PBXShellScriptBuildPhase section */

/* Begin PBXSourcesBuildPhase section */
		43283F7C25BB0DDB002DDD08 /* Sources */ = {
			isa = PBXSourcesBuildPhase;
			buildActionMask = 2147483647;
			files = (
				43283F9825BB0E4C002DDD08 /* OrderCouopon.swift in Sources */,
				43A2E7E225BEA1B500B531DF /* AdminEndPoint.swift in Sources */,
				43A2E7C525BE8E7B00B531DF /* NetworkError.swift in Sources */,
				43283FC325BB0EF8002DDD08 /* Coupon.swift in Sources */,
				43283FAE25BB0E97002DDD08 /* CouponItemView.swift in Sources */,
				43A2E7C925BE8F1D00B531DF /* URLParameterEncoder.swift in Sources */,
				435B20BA25C5B87800539A40 /* CustomerHomeView.swift in Sources */,
				43A2E81F25BEEBE300B531DF /* CompanyEndPoint.swift in Sources */,
				43283F9E25BB0E60002DDD08 /* AdminObservableObject.swift in Sources */,
				43A2E7ED25BEAD9900B531DF /* AdminService.swift in Sources */,
				43A2E81625BED0D200B531DF /* CompanyClient.swift in Sources */,
				43E616B125C830FE004A839D /* AdminHomeViewModel.swift in Sources */,
				43283FAC25BB0E97002DDD08 /* CouponsListView.swift in Sources */,
				43283FB825BB0EE7002DDD08 /* MockData.swift in Sources */,
				43A2E7C225BE8DD500B531DF /* ParameterEncoder.swift in Sources */,
				43E616CD25C8625F004A839D /* AddCouponViewModel.swift in Sources */,
				43E6167525C7FC0A004A839D /* CustomerHomeViewModel.swift in Sources */,
				43E6169925C82B3A004A839D /* CustomerItemView.swift in Sources */,
				43A2E7E725BEAB5000B531DF /* CustomerServise.swift in Sources */,
				435B201C25C2D55800539A40 /* ClientService.swift in Sources */,
				43A2E7F425BEB5FA00B531DF /* AdminServiceImp.swift in Sources */,
				43283F9525BB0E16002DDD08 /* AppDelegate.swift in Sources */,
				43283F8625BB0DDB002DDD08 /* ContentView.swift in Sources */,
				435B201725C2C31B00539A40 /* Repository.swift in Sources */,
				438D051425CAD9440073CDE1 /* Date+Extension.swift in Sources */,
				438D050725CAC0270073CDE1 /* JSONDecoder+Extension.swift in Sources */,
				438D051825CB3CEE0073CDE1 /* JSONEncoder+Extension.swift in Sources */,
				435B200B25C2B0AA00539A40 /* HomeView.swift in Sources */,
				4388CCE225DB996100C24539 /* HomeViewModel.swift in Sources */,
				43B0A6AF25BC7A9200C3AC08 /* CompanyDetailsView.swift in Sources */,
				43283FB325BB0EC8002DDD08 /* CheckoutView.swift in Sources */,
				43A2E7F125BEAF6200B531DF /* CompanyService.swift in Sources */,
				43A2E7BD25BE8CBB00B531DF /* EndPoint.swift in Sources */,
				435B20C225C5B8D700539A40 /* ComapnyHameView.swift in Sources */,
				43283F9B25BB0E57002DDD08 /* AppView.swift in Sources */,
				435B20BE25C5B8B200539A40 /* AdminHomeView.swift in Sources */,
				43A2E7FC25BEC47600B531DF /* AdminClient.swift in Sources */,
				43A2E7B425BE89A200B531DF /* NetworkResponseHandler.swift in Sources */,
				43283FAB25BB0E97002DDD08 /* CouponDetail.swift in Sources */,
				438D052625CBCDB00073CDE1 /* String+Extension.swift in Sources */,
				43A2E81325BED0C800B531DF /* CustomerClient.swift in Sources */,
				438D055D25CD9E000073CDE1 /* BaseAddItemView.swift in Sources */,
				43E6166125C7C88D004A839D /* ErrorFetchDataAlertView.swift in Sources */,
				43283FC225BB0EF8002DDD08 /* Company.swift in Sources */,
				43A2E7CD25BE91B200B531DF /* JSONParameterEncoder.swift in Sources */,
				4388CCDE25DADD7400C24539 /* LoginViewModel.swift in Sources */,
				43E616C725C8611C004A839D /* AddCouponView.swift in Sources */,
				43283FC125BB0EF8002DDD08 /* Category.swift in Sources */,
				43A2E83925C2847100B531DF /* LoginView.swift in Sources */,
				43E6167C25C7FCF8004A839D /* Utils.swift in Sources */,
				43E6166525C7CC34004A839D /* CompanyHomeViewModel.swift in Sources */,
				43A2E80A25BEC71700B531DF /* CustomerEndPoint.swift in Sources */,
				43A2E7D625BE941F00B531DF /* Router.swift in Sources */,
				43283FC425BB0EF8002DDD08 /* CouponsByCategory.swift in Sources */,
				438D056725CEEAEC0073CDE1 /* APIResponseError.swift in Sources */,
				438D056325CEE9EF0073CDE1 /* APIResponseHandler.swift in Sources */,
				43283FC025BB0EF8002DDD08 /* Customer.swift in Sources */,
				438D055425CD95F00073CDE1 /* APIResponseItem.swift in Sources */,
				43A2E7D225BE92E500B531DF /* NetworkRouter.swift in Sources */,
				43283F8425BB0DDB002DDD08 /* CouponsApp.swift in Sources */,
				43A2E81C25BEEB3C00B531DF /* CustomerServiceImp.swift in Sources */,
				43283FB425BB0EC8002DDD08 /* OrderView.swift in Sources */,
				438D050C25CAC2180073CDE1 /* ResponseHandler.swift in Sources */,
				438D055925CD9BCD0073CDE1 /* AddButon.swift in Sources */,
				43B0A6AB25BC7A7700C3AC08 /* CustomerDetailsView.swift in Sources */,
				43B0A6B225BC7B8100C3AC08 /* CompanyItemView.swift in Sources */,
				43A2E82225BEF02D00B531DF /* CompanyServiceImp.swift in Sources */,
				43283FA525BB0E89002DDD08 /* CustomersListView.swift in Sources */,
				43283FA425BB0E89002DDD08 /* CompaniesListView.swift in Sources */,
			);
			runOnlyForDeploymentPostprocessing = 0;
		};
		435B205D25C2DDC500539A40 /* Sources */ = {
			isa = PBXSourcesBuildPhase;
			buildActionMask = 2147483647;
			files = (
				435B206425C2DDC500539A40 /* CouponsTests.swift in Sources */,
				435B206E25C2DDEE00539A40 /* AdminServicesTests.swift in Sources */,
				435B207525C2DF5500539A40 /* CustomerServiceTests.swift in Sources */,
				43E6166E25C7E4F4004A839D /* FormatCouponsTest.swift in Sources */,
				435B207B25C2DF6500539A40 /* CompanyServiceTests.swift in Sources */,
			);
			runOnlyForDeploymentPostprocessing = 0;
		};
/* End PBXSourcesBuildPhase section */

/* Begin PBXTargetDependency section */
		435B206725C2DDC500539A40 /* PBXTargetDependency */ = {
			isa = PBXTargetDependency;
			target = 43283F7F25BB0DDB002DDD08 /* Coupons */;
			targetProxy = 435B206625C2DDC500539A40 /* PBXContainerItemProxy */;
		};
/* End PBXTargetDependency section */

/* Begin XCBuildConfiguration section */
		43283F8D25BB0DDC002DDD08 /* Debug */ = {
			isa = XCBuildConfiguration;
			buildSettings = {
				ALWAYS_SEARCH_USER_PATHS = NO;
				CLANG_ANALYZER_NONNULL = YES;
				CLANG_ANALYZER_NUMBER_OBJECT_CONVERSION = YES_AGGRESSIVE;
				CLANG_CXX_LANGUAGE_STANDARD = "gnu++14";
				CLANG_CXX_LIBRARY = "libc++";
				CLANG_ENABLE_MODULES = YES;
				CLANG_ENABLE_OBJC_ARC = YES;
				CLANG_ENABLE_OBJC_WEAK = YES;
				CLANG_WARN_BLOCK_CAPTURE_AUTORELEASING = YES;
				CLANG_WARN_BOOL_CONVERSION = YES;
				CLANG_WARN_COMMA = YES;
				CLANG_WARN_CONSTANT_CONVERSION = YES;
				CLANG_WARN_DEPRECATED_OBJC_IMPLEMENTATIONS = YES;
				CLANG_WARN_DIRECT_OBJC_ISA_USAGE = YES_ERROR;
				CLANG_WARN_DOCUMENTATION_COMMENTS = YES;
				CLANG_WARN_EMPTY_BODY = YES;
				CLANG_WARN_ENUM_CONVERSION = YES;
				CLANG_WARN_INFINITE_RECURSION = YES;
				CLANG_WARN_INT_CONVERSION = YES;
				CLANG_WARN_NON_LITERAL_NULL_CONVERSION = YES;
				CLANG_WARN_OBJC_IMPLICIT_RETAIN_SELF = YES;
				CLANG_WARN_OBJC_LITERAL_CONVERSION = YES;
				CLANG_WARN_OBJC_ROOT_CLASS = YES_ERROR;
				CLANG_WARN_QUOTED_INCLUDE_IN_FRAMEWORK_HEADER = YES;
				CLANG_WARN_RANGE_LOOP_ANALYSIS = YES;
				CLANG_WARN_STRICT_PROTOTYPES = YES;
				CLANG_WARN_SUSPICIOUS_MOVE = YES;
				CLANG_WARN_UNGUARDED_AVAILABILITY = YES_AGGRESSIVE;
				CLANG_WARN_UNREACHABLE_CODE = YES;
				CLANG_WARN__DUPLICATE_METHOD_MATCH = YES;
				COPY_PHASE_STRIP = NO;
				DEBUG_INFORMATION_FORMAT = dwarf;
				ENABLE_STRICT_OBJC_MSGSEND = YES;
				ENABLE_TESTABILITY = YES;
				GCC_C_LANGUAGE_STANDARD = gnu11;
				GCC_DYNAMIC_NO_PIC = NO;
				GCC_NO_COMMON_BLOCKS = YES;
				GCC_OPTIMIZATION_LEVEL = 0;
				GCC_PREPROCESSOR_DEFINITIONS = (
					"DEBUG=1",
					"$(inherited)",
				);
				GCC_WARN_64_TO_32_BIT_CONVERSION = YES;
				GCC_WARN_ABOUT_RETURN_TYPE = YES_ERROR;
				GCC_WARN_UNDECLARED_SELECTOR = YES;
				GCC_WARN_UNINITIALIZED_AUTOS = YES_AGGRESSIVE;
				GCC_WARN_UNUSED_FUNCTION = YES;
				GCC_WARN_UNUSED_VARIABLE = YES;
				IPHONEOS_DEPLOYMENT_TARGET = 14.3;
				MTL_ENABLE_DEBUG_INFO = INCLUDE_SOURCE;
				MTL_FAST_MATH = YES;
				ONLY_ACTIVE_ARCH = YES;
				SDKROOT = iphoneos;
				SWIFT_ACTIVE_COMPILATION_CONDITIONS = DEBUG;
				SWIFT_OPTIMIZATION_LEVEL = "-Onone";
			};
			name = Debug;
		};
		43283F8E25BB0DDC002DDD08 /* Release */ = {
			isa = XCBuildConfiguration;
			buildSettings = {
				ALWAYS_SEARCH_USER_PATHS = NO;
				CLANG_ANALYZER_NONNULL = YES;
				CLANG_ANALYZER_NUMBER_OBJECT_CONVERSION = YES_AGGRESSIVE;
				CLANG_CXX_LANGUAGE_STANDARD = "gnu++14";
				CLANG_CXX_LIBRARY = "libc++";
				CLANG_ENABLE_MODULES = YES;
				CLANG_ENABLE_OBJC_ARC = YES;
				CLANG_ENABLE_OBJC_WEAK = YES;
				CLANG_WARN_BLOCK_CAPTURE_AUTORELEASING = YES;
				CLANG_WARN_BOOL_CONVERSION = YES;
				CLANG_WARN_COMMA = YES;
				CLANG_WARN_CONSTANT_CONVERSION = YES;
				CLANG_WARN_DEPRECATED_OBJC_IMPLEMENTATIONS = YES;
				CLANG_WARN_DIRECT_OBJC_ISA_USAGE = YES_ERROR;
				CLANG_WARN_DOCUMENTATION_COMMENTS = YES;
				CLANG_WARN_EMPTY_BODY = YES;
				CLANG_WARN_ENUM_CONVERSION = YES;
				CLANG_WARN_INFINITE_RECURSION = YES;
				CLANG_WARN_INT_CONVERSION = YES;
				CLANG_WARN_NON_LITERAL_NULL_CONVERSION = YES;
				CLANG_WARN_OBJC_IMPLICIT_RETAIN_SELF = YES;
				CLANG_WARN_OBJC_LITERAL_CONVERSION = YES;
				CLANG_WARN_OBJC_ROOT_CLASS = YES_ERROR;
				CLANG_WARN_QUOTED_INCLUDE_IN_FRAMEWORK_HEADER = YES;
				CLANG_WARN_RANGE_LOOP_ANALYSIS = YES;
				CLANG_WARN_STRICT_PROTOTYPES = YES;
				CLANG_WARN_SUSPICIOUS_MOVE = YES;
				CLANG_WARN_UNGUARDED_AVAILABILITY = YES_AGGRESSIVE;
				CLANG_WARN_UNREACHABLE_CODE = YES;
				CLANG_WARN__DUPLICATE_METHOD_MATCH = YES;
				COPY_PHASE_STRIP = NO;
				DEBUG_INFORMATION_FORMAT = "dwarf-with-dsym";
				ENABLE_NS_ASSERTIONS = NO;
				ENABLE_STRICT_OBJC_MSGSEND = YES;
				GCC_C_LANGUAGE_STANDARD = gnu11;
				GCC_NO_COMMON_BLOCKS = YES;
				GCC_WARN_64_TO_32_BIT_CONVERSION = YES;
				GCC_WARN_ABOUT_RETURN_TYPE = YES_ERROR;
				GCC_WARN_UNDECLARED_SELECTOR = YES;
				GCC_WARN_UNINITIALIZED_AUTOS = YES_AGGRESSIVE;
				GCC_WARN_UNUSED_FUNCTION = YES;
				GCC_WARN_UNUSED_VARIABLE = YES;
				IPHONEOS_DEPLOYMENT_TARGET = 14.3;
				MTL_ENABLE_DEBUG_INFO = NO;
				MTL_FAST_MATH = YES;
				SDKROOT = iphoneos;
				SWIFT_COMPILATION_MODE = wholemodule;
				SWIFT_OPTIMIZATION_LEVEL = "-O";
				VALIDATE_PRODUCT = YES;
			};
			name = Release;
		};
		43283F9025BB0DDC002DDD08 /* Debug */ = {
			isa = XCBuildConfiguration;
			baseConfigurationReference = 67733C641B72DC7E8EEE1379 /* Pods-Coupons.debug.xcconfig */;
			buildSettings = {
				ASSETCATALOG_COMPILER_APPICON_NAME = AppIcon;
				ASSETCATALOG_COMPILER_GLOBAL_ACCENT_COLOR_NAME = AccentColor;
				CODE_SIGN_STYLE = Automatic;
				DEVELOPMENT_ASSET_PATHS = "\"Coupons/Preview Content\"";
				ENABLE_PREVIEWS = YES;
				INFOPLIST_FILE = Coupons/Info.plist;
				IPHONEOS_DEPLOYMENT_TARGET = 14.0;
				LD_RUNPATH_SEARCH_PATHS = (
					"$(inherited)",
					"@executable_path/Frameworks",
				);
				PRODUCT_BUNDLE_IDENTIFIER = talspektor.Coupons;
				PRODUCT_NAME = "$(TARGET_NAME)";
				SWIFT_VERSION = 5.0;
				TARGETED_DEVICE_FAMILY = "1,2";
			};
			name = Debug;
		};
		43283F9125BB0DDC002DDD08 /* Release */ = {
			isa = XCBuildConfiguration;
			baseConfigurationReference = 133D7CEAC0EDCAA57C816D11 /* Pods-Coupons.release.xcconfig */;
			buildSettings = {
				ASSETCATALOG_COMPILER_APPICON_NAME = AppIcon;
				ASSETCATALOG_COMPILER_GLOBAL_ACCENT_COLOR_NAME = AccentColor;
				CODE_SIGN_STYLE = Automatic;
				DEVELOPMENT_ASSET_PATHS = "\"Coupons/Preview Content\"";
				ENABLE_PREVIEWS = YES;
				INFOPLIST_FILE = Coupons/Info.plist;
				IPHONEOS_DEPLOYMENT_TARGET = 14.0;
				LD_RUNPATH_SEARCH_PATHS = (
					"$(inherited)",
					"@executable_path/Frameworks",
				);
				PRODUCT_BUNDLE_IDENTIFIER = talspektor.Coupons;
				PRODUCT_NAME = "$(TARGET_NAME)";
				SWIFT_VERSION = 5.0;
				TARGETED_DEVICE_FAMILY = "1,2";
			};
			name = Release;
		};
		435B206925C2DDC500539A40 /* Debug */ = {
			isa = XCBuildConfiguration;
			baseConfigurationReference = 5D44EC6FDAE04526659F88D5 /* Pods-CouponsTests.debug.xcconfig */;
			buildSettings = {
				BUNDLE_LOADER = "$(TEST_HOST)";
				CODE_SIGN_STYLE = Automatic;
				INFOPLIST_FILE = CouponsTests/Info.plist;
				IPHONEOS_DEPLOYMENT_TARGET = 14.4;
				LD_RUNPATH_SEARCH_PATHS = (
					"$(inherited)",
					"@executable_path/Frameworks",
					"@loader_path/Frameworks",
				);
				PRODUCT_BUNDLE_IDENTIFIER = talspektor.CouponsTests;
				PRODUCT_NAME = "$(TARGET_NAME)";
				SWIFT_VERSION = 5.0;
				TARGETED_DEVICE_FAMILY = "1,2";
				TEST_HOST = "$(BUILT_PRODUCTS_DIR)/Coupons.app/Coupons";
			};
			name = Debug;
		};
		435B206A25C2DDC500539A40 /* Release */ = {
			isa = XCBuildConfiguration;
			baseConfigurationReference = 163B9DA7DCD4910A2067340E /* Pods-CouponsTests.release.xcconfig */;
			buildSettings = {
				BUNDLE_LOADER = "$(TEST_HOST)";
				CODE_SIGN_STYLE = Automatic;
				INFOPLIST_FILE = CouponsTests/Info.plist;
				IPHONEOS_DEPLOYMENT_TARGET = 14.4;
				LD_RUNPATH_SEARCH_PATHS = (
					"$(inherited)",
					"@executable_path/Frameworks",
					"@loader_path/Frameworks",
				);
				PRODUCT_BUNDLE_IDENTIFIER = talspektor.CouponsTests;
				PRODUCT_NAME = "$(TARGET_NAME)";
				SWIFT_VERSION = 5.0;
				TARGETED_DEVICE_FAMILY = "1,2";
				TEST_HOST = "$(BUILT_PRODUCTS_DIR)/Coupons.app/Coupons";
			};
			name = Release;
		};
/* End XCBuildConfiguration section */

/* Begin XCConfigurationList section */
		43283F7B25BB0DDB002DDD08 /* Build configuration list for PBXProject "Coupons" */ = {
			isa = XCConfigurationList;
			buildConfigurations = (
				43283F8D25BB0DDC002DDD08 /* Debug */,
				43283F8E25BB0DDC002DDD08 /* Release */,
			);
			defaultConfigurationIsVisible = 0;
			defaultConfigurationName = Release;
		};
		43283F8F25BB0DDC002DDD08 /* Build configuration list for PBXNativeTarget "Coupons" */ = {
			isa = XCConfigurationList;
			buildConfigurations = (
				43283F9025BB0DDC002DDD08 /* Debug */,
				43283F9125BB0DDC002DDD08 /* Release */,
			);
			defaultConfigurationIsVisible = 0;
			defaultConfigurationName = Release;
		};
		435B206825C2DDC500539A40 /* Build configuration list for PBXNativeTarget "CouponsTests" */ = {
			isa = XCConfigurationList;
			buildConfigurations = (
				435B206925C2DDC500539A40 /* Debug */,
				435B206A25C2DDC500539A40 /* Release */,
			);
			defaultConfigurationIsVisible = 0;
			defaultConfigurationName = Release;
		};
/* End XCConfigurationList section */
	};
	rootObject = 43283F7825BB0DDB002DDD08 /* Project object */;
}
